
Microsoft Visual Studio Solution File, Format Version 12.00
# Visual Studio Version 16
VisualStudioVersion = 16.0.31410.357
MinimumVisualStudioVersion = 10.0.40219.1
Project("{FAE04EC0-301F-11D3-BF4B-00C04F79EFBC}") = "AddressBookLinq", "AddressBookLinq\AddressBookLinq.csproj", "{2D462EA3-EDCF-47D5-8CCB-907685AEA92C}"
EndProject
Global
	GlobalSection(SolutionConfigurationPlatforms) = preSolution
		Debug|Any CPU = Debug|Any CPU
		Release|Any CPU = Release|Any CPU
	EndGlobalSection
	GlobalSection(ProjectConfigurationPlatforms) = postSolution
		{2D462EA3-EDCF-47D5-8CCB-907685AEA92C}.Debug|Any CPU.ActiveCfg = Debug|Any CPU
		{2D462EA3-EDCF-47D5-8CCB-907685AEA92C}.Debug|Any CPU.Build.0 = Debug|Any CPU
		{2D462EA3-EDCF-47D5-8CCB-907685AEA92C}.Release|Any CPU.ActiveCfg = Release|Any CPU
		{2D462EA3-EDCF-47D5-8CCB-907685AEA92C}.Release|Any CPU.Build.0 = Release|Any CPU
	EndGlobalSection
	GlobalSection(SolutionProperties) = preSolution
		HideSolutionNode = FALSE
	EndGlobalSection
	GlobalSection(ExtensibilityGlobals) = postSolution
		SolutionGuid = {5BB57823-E53D-4479-8F20-7593991A04E9}
	EndGlobalSection
EndGlobal
